// !$*UTF8*$!
{
	archiveVersion = 1;
	classes = {
	};
	objectVersion = 44;
	objects = {

/* Begin PBXBuildFile section */
		DBBBE8770AAD629900A45065 /* VoikkoSpellService.m in Sources */ = {isa = PBXBuildFile; fileRef = DBBBE8450AAD59D400A45065 /* VoikkoSpellService.m */; };
		DBD8F6B90AB1739400F5D3F9 /* libvoikko.1.6.0.dylib in Frameworks */ = {isa = PBXBuildFile; fileRef = DBD8F6B80AB1739400F5D3F9 /* libvoikko.1.6.0.dylib */; };
/* End PBXBuildFile section */

/* Begin PBXFileReference section */
		DBBBE8440AAD59D400A45065 /* VoikkoSpellService.h */ = {isa = PBXFileReference; fileEncoding = 4; lastKnownFileType = sourcecode.c.h; path = VoikkoSpellService.h; sourceTree = "<group>"; };
		DBBBE8450AAD59D400A45065 /* VoikkoSpellService.m */ = {isa = PBXFileReference; fileEncoding = 4; lastKnownFileType = sourcecode.c.objc; path = VoikkoSpellService.m; sourceTree = "<group>"; };
		DBBBE8540AAD600100A45065 /* VoikkoSpellService.app */ = {isa = PBXFileReference; explicitFileType = wrapper.application; includeInIndex = 0; path = VoikkoSpellService.app; sourceTree = BUILT_PRODUCTS_DIR; };
		DBD8F6B80AB1739400F5D3F9 /* libvoikko.1.6.0.dylib */ = {isa = PBXFileReference; lastKnownFileType = "compiled.mach-o.dylib"; name = libvoikko.1.6.0.dylib; path = ../voikko/lib/libvoikko.1.6.0.dylib; sourceTree = SOURCE_ROOT; };
/* End PBXFileReference section */

/* Begin PBXFrameworksBuildPhase section */
		DBBBE8520AAD600100A45065 /* Frameworks */ = {
			isa = PBXFrameworksBuildPhase;
			buildActionMask = 2147483647;
			files = (
				DBD8F6B90AB1739400F5D3F9 /* libvoikko.1.6.0.dylib in Frameworks */,
			);
			runOnlyForDeploymentPostprocessing = 0;
		};
/* End PBXFrameworksBuildPhase section */

/* Begin PBXGroup section */
		DBBBE8360AAD593300A45065 = {
			isa = PBXGroup;
			children = (
				DBD8F6B80AB1739400F5D3F9 /* libvoikko.1.6.0.dylib */,
				DBBBE8440AAD59D400A45065 /* VoikkoSpellService.h */,
				DBBBE8450AAD59D400A45065 /* VoikkoSpellService.m */,
				DBBBE8550AAD600100A45065 /* Products */,
			);
			sourceTree = "<group>";
		};
		DBBBE8550AAD600100A45065 /* Products */ = {
			isa = PBXGroup;
			children = (
				DBBBE8540AAD600100A45065 /* VoikkoSpellService.app */,
			);
			name = Products;
			sourceTree = "<group>";
		};
/* End PBXGroup section */

/* Begin PBXNativeTarget section */
		DBBBE8530AAD600100A45065 /* VoikkoSpellService */ = {
			isa = PBXNativeTarget;
			buildConfigurationList = DBBBE8580AAD600100A45065 /* Build configuration list for PBXNativeTarget "VoikkoSpellService" */;
			buildPhases = (
				DBBBE8500AAD600100A45065 /* Resources */,
				DBBBE8510AAD600100A45065 /* Sources */,
				DBBBE8520AAD600100A45065 /* Frameworks */,
			);
			buildRules = (
			);
			dependencies = (
			);
			name = VoikkoSpellService;
			productName = VoikkoSpellService;
			productReference = DBBBE8540AAD600100A45065 /* VoikkoSpellService.app */;
			productType = "com.apple.product-type.application";
		};
/* End PBXNativeTarget section */

/* Begin PBXProject section */
		DBBBE8380AAD593300A45065 /* Project object */ = {
			isa = PBXProject;
			buildConfigurationList = DBBBE8390AAD593300A45065 /* Build configuration list for PBXProject "VoikkoSpellService" */;
			compatibilityVersion = "Xcode 3.0";
			hasScannedForEncodings = 0;
			mainGroup = DBBBE8360AAD593300A45065;
			productRefGroup = DBBBE8550AAD600100A45065 /* Products */;
			projectDirPath = "";
			projectRoot = "";
			targets = (
				DBBBE8530AAD600100A45065 /* VoikkoSpellService */,
			);
		};
/* End PBXProject section */

/* Begin PBXResourcesBuildPhase section */
		DBBBE8500AAD600100A45065 /* Resources */ = {
			isa = PBXResourcesBuildPhase;
			buildActionMask = 2147483647;
			files = (
			);
			runOnlyForDeploymentPostprocessing = 0;
		};
/* End PBXResourcesBuildPhase section */

/* Begin PBXSourcesBuildPhase section */
		DBBBE8510AAD600100A45065 /* Sources */ = {
			isa = PBXSourcesBuildPhase;
			buildActionMask = 2147483647;
			files = (
				DBBBE8770AAD629900A45065 /* VoikkoSpellService.m in Sources */,
			);
			runOnlyForDeploymentPostprocessing = 0;
		};
/* End PBXSourcesBuildPhase section */

/* Begin XCBuildConfiguration section */
		DBBBE83A0AAD593300A45065 /* Debug */ = {
			isa = XCBuildConfiguration;
			buildSettings = {
				COPY_PHASE_STRIP = NO;
			};
			name = Debug;
		};
		DBBBE83B0AAD593300A45065 /* Release */ = {
			isa = XCBuildConfiguration;
			buildSettings = {
				COPY_PHASE_STRIP = YES;
				HEADER_SEARCH_PATHS = "~/voikko/include";
				INFOPLIST_FILE = Info.plist;
				LIBRARY_SEARCH_PATHS = "~/voikko/lib";
				STANDARD_C_PLUS_PLUS_LIBRARY_TYPE = dynamic;
			};
			name = Release;
		};
		DBBBE8590AAD600100A45065 /* Debug */ = {
			isa = XCBuildConfiguration;
			buildSettings = {
				COPY_PHASE_STRIP = NO;
				GCC_DYNAMIC_NO_PIC = NO;
				GCC_ENABLE_FIX_AND_CONTINUE = YES;
				GCC_GENERATE_DEBUGGING_SYMBOLS = YES;
				GCC_MODEL_TUNING = G5;
				GCC_OPTIMIZATION_LEVEL = 0;
				GCC_PRECOMPILE_PREFIX_HEADER = YES;
				GCC_PREFIX_HEADER = "$(SYSTEM_LIBRARY_DIR)/Frameworks/AppKit.framework/Headers/AppKit.h";
				HEADER_SEARCH_PATHS = (
					"~/voikko/inst/include",
					"$(HEADER_SEARCH_PATHS)",
				);
				INFOPLIST_FILE = Info.plist;
				INSTALL_PATH = "$(HOME)/Applications";
				LIBRARY_SEARCH_PATHS = (
					"~/voikko/inst/lib",
					"$(LIBRARY_SEARCH_PATHS)",
				);
				OTHER_LDFLAGS = (
					"-framework",
					Foundation,
					"-framework",
					AppKit,
				);
				PREBINDING = NO;
				PRELINK_LIBS = "$(PRELINK_LIBS)";
				PRODUCT_NAME = VoikkoSpellService;
				WRAPPER_EXTENSION = app;
				ZERO_LINK = NO;
			};
			name = Debug;
		};
		DBBBE85A0AAD600100A45065 /* Release */ = {
			isa = XCBuildConfiguration;
			buildSettings = {
				COPY_PHASE_STRIP = YES;
				GCC_ENABLE_FIX_AND_CONTINUE = NO;
				GCC_GENERATE_DEBUGGING_SYMBOLS = NO;
				GCC_MODEL_TUNING = G5;
				GCC_PRECOMPILE_PREFIX_HEADER = YES;
				GCC_PREFIX_HEADER = "$(SYSTEM_LIBRARY_DIR)/Frameworks/AppKit.framework/Headers/AppKit.h";
				HEADER_SEARCH_PATHS = (
					"~/voikko/inst/include",
					"$(HEADER_SEARCH_PATHS)",
				);
				INFOPLIST_FILE = Info.plist;
				INSTALL_PATH = "$(HOME)/Applications";
				LIBRARY_SEARCH_PATHS = (
					"~/voikko/inst/lib",
					"$(LIBRARY_SEARCH_PATHS)",
				);
				OTHER_LDFLAGS = (
					"-framework",
					Foundation,
					"-framework",
					AppKit,
				);
				PREBINDING = NO;
				PRELINK_LIBS = "$(PRELINK_LIBS)";
				PRODUCT_NAME = VoikkoSpellService;
				WRAPPER_EXTENSION = app;
				ZERO_LINK = NO;
			};
			name = Release;
		};
/* End XCBuildConfiguration section */

/* Begin XCConfigurationList section */
		DBBBE8390AAD593300A45065 /* Build configuration list for PBXProject "VoikkoSpellService" */ = {
			isa = XCConfigurationList;
			buildConfigurations = (
				DBBBE83A0AAD593300A45065 /* Debug */,
				DBBBE83B0AAD593300A45065 /* Release */,
			);
			defaultConfigurationIsVisible = 0;
			defaultConfigurationName = Release;
		};
		DBBBE8580AAD600100A45065 /* Build configuration list for PBXNativeTarget "VoikkoSpellService" */ = {
			isa = XCConfigurationList;
			buildConfigurations = (
				DBBBE8590AAD600100A45065 /* Debug */,
				DBBBE85A0AAD600100A45065 /* Release */,
			);
			defaultConfigurationIsVisible = 0;
			defaultConfigurationName = Release;
		};
/* End XCConfigurationList section */
	};
	rootObject = DBBBE8380AAD593300A45065 /* Project object */;
}
