// !$*UTF8*$!
{
	archiveVersion = 1;
	classes = {
	};
	objectVersion = 46;
	objects = {

/* Begin PBXBuildFile section */
		3618B01C11F7577800301285 /* voikko in Resources */ = {isa = PBXBuildFile; fileRef = 3618B01111F7577800301285 /* voikko */; };
		36FAD758182ED0EB00766C62 /* libvoikko.1.x86_64.dylib in Frameworks */ = {isa = PBXBuildFile; fileRef = 36FAD756182ED0EB00766C62 /* libvoikko.1.x86_64.dylib */; };
		DBBBE8770AAD629900A45065 /* VoikkoSpellService.m in Sources */ = {isa = PBXBuildFile; fileRef = DBBBE8450AAD59D400A45065 /* VoikkoSpellService.m */; };
/* End PBXBuildFile section */

/* Begin PBXFileReference section */
		3618B01111F7577800301285 /* voikko */ = {isa = PBXFileReference; lastKnownFileType = folder; name = voikko; path = Resources/voikko; sourceTree = "<group>"; };
		362A4AAA11FF8381009F2792 /* version.xcconfig */ = {isa = PBXFileReference; fileEncoding = 4; lastKnownFileType = text.xcconfig; path = version.xcconfig; sourceTree = "<group>"; };
		36F8573614D86BA800A4157D /* CoreFoundation.framework */ = {isa = PBXFileReference; lastKnownFileType = wrapper.framework; name = CoreFoundation.framework; path = System/Library/Frameworks/CoreFoundation.framework; sourceTree = SDKROOT; };
		36FAD756182ED0EB00766C62 /* libvoikko.1.x86_64.dylib */ = {isa = PBXFileReference; lastKnownFileType = "compiled.mach-o.dylib"; name = libvoikko.1.x86_64.dylib; path = Resources/voikko/libvoikko.1.x86_64.dylib; sourceTree = "<group>"; };
		DBBBE8440AAD59D400A45065 /* VoikkoSpellService.h */ = {isa = PBXFileReference; fileEncoding = 4; lastKnownFileType = sourcecode.c.h; path = VoikkoSpellService.h; sourceTree = "<group>"; };
		DBBBE8450AAD59D400A45065 /* VoikkoSpellService.m */ = {isa = PBXFileReference; fileEncoding = 4; lastKnownFileType = sourcecode.c.objc; path = VoikkoSpellService.m; sourceTree = "<group>"; };
		DBBBE8540AAD600100A45065 /* VoikkoSpellService.app */ = {isa = PBXFileReference; explicitFileType = wrapper.application; includeInIndex = 0; path = VoikkoSpellService.app; sourceTree = BUILT_PRODUCTS_DIR; };
/* End PBXFileReference section */

/* Begin PBXFrameworksBuildPhase section */
		36C38A2512946FDD003A48CD /* Frameworks */ = {
			isa = PBXFrameworksBuildPhase;
			buildActionMask = 2147483647;
			files = (
				36FAD758182ED0EB00766C62 /* libvoikko.1.x86_64.dylib in Frameworks */,
			);
			runOnlyForDeploymentPostprocessing = 0;
		};
/* End PBXFrameworksBuildPhase section */

/* Begin PBXGroup section */
		36F8573514D86BA800A4157D /* Frameworks */ = {
			isa = PBXGroup;
			children = (
				36FAD756182ED0EB00766C62 /* libvoikko.1.x86_64.dylib */,
				36F8573614D86BA800A4157D /* CoreFoundation.framework */,
			);
			name = Frameworks;
			sourceTree = "<group>";
		};
		DBBBE8360AAD593300A45065 = {
			isa = PBXGroup;
			children = (
				362A4AAA11FF8381009F2792 /* version.xcconfig */,
				3618B01111F7577800301285 /* voikko */,
				DBBBE8440AAD59D400A45065 /* VoikkoSpellService.h */,
				DBBBE8450AAD59D400A45065 /* VoikkoSpellService.m */,
				36F8573514D86BA800A4157D /* Frameworks */,
				DBBBE8550AAD600100A45065 /* Products */,
			);
			sourceTree = "<group>";
			usesTabs = 1;
		};
		DBBBE8550AAD600100A45065 /* Products */ = {
			isa = PBXGroup;
			children = (
				DBBBE8540AAD600100A45065 /* VoikkoSpellService.app */,
			);
			name = Products;
			sourceTree = "<group>";
		};
/* End PBXGroup section */

/* Begin PBXNativeTarget section */
		DBBBE8530AAD600100A45065 /* VoikkoSpellService */ = {
			isa = PBXNativeTarget;
			buildConfigurationList = DBBBE8580AAD600100A45065 /* Build configuration list for PBXNativeTarget "VoikkoSpellService" */;
			buildPhases = (
				DBBBE8500AAD600100A45065 /* Resources */,
				DBBBE8510AAD600100A45065 /* Sources */,
				36C38A2512946FDD003A48CD /* Frameworks */,
			);
			buildRules = (
			);
			dependencies = (
			);
			name = VoikkoSpellService;
			productName = VoikkoSpellService;
			productReference = DBBBE8540AAD600100A45065 /* VoikkoSpellService.app */;
			productType = "com.apple.product-type.application";
		};
/* End PBXNativeTarget section */

/* Begin PBXProject section */
		DBBBE8380AAD593300A45065 /* Project object */ = {
			isa = PBXProject;
			attributes = {
				LastUpgradeCheck = 1240;
			};
			buildConfigurationList = DBBBE8390AAD593300A45065 /* Build configuration list for PBXProject "VoikkoSpellService" */;
			compatibilityVersion = "Xcode 3.2";
			developmentRegion = en;
			hasScannedForEncodings = 0;
			knownRegions = (
				en,
				fr,
				de,
				Base,
				ja,
			);
			mainGroup = DBBBE8360AAD593300A45065;
			productRefGroup = DBBBE8550AAD600100A45065 /* Products */;
			projectDirPath = "";
			projectRoot = "";
			targets = (
				DBBBE8530AAD600100A45065 /* VoikkoSpellService */,
			);
		};
/* End PBXProject section */

/* Begin PBXResourcesBuildPhase section */
		DBBBE8500AAD600100A45065 /* Resources */ = {
			isa = PBXResourcesBuildPhase;
			buildActionMask = 2147483647;
			files = (
				3618B01C11F7577800301285 /* voikko in Resources */,
			);
			runOnlyForDeploymentPostprocessing = 0;
		};
/* End PBXResourcesBuildPhase section */

/* Begin PBXSourcesBuildPhase section */
		DBBBE8510AAD600100A45065 /* Sources */ = {
			isa = PBXSourcesBuildPhase;
			buildActionMask = 2147483647;
			files = (
				DBBBE8770AAD629900A45065 /* VoikkoSpellService.m in Sources */,
			);
			runOnlyForDeploymentPostprocessing = 0;
		};
/* End PBXSourcesBuildPhase section */

/* Begin XCBuildConfiguration section */
		DBBBE83A0AAD593300A45065 /* Debug */ = {
			isa = XCBuildConfiguration;
			baseConfigurationReference = 362A4AAA11FF8381009F2792 /* version.xcconfig */;
			buildSettings = {
				ARCHS = "$(ARCHS_STANDARD)";
				CLANG_ANALYZER_LOCALIZABILITY_NONLOCALIZED = YES;
				CLANG_WARN_BLOCK_CAPTURE_AUTORELEASING = YES;
				CLANG_WARN_BOOL_CONVERSION = YES;
				CLANG_WARN_COMMA = YES;
				CLANG_WARN_CONSTANT_CONVERSION = YES;
				CLANG_WARN_DEPRECATED_OBJC_IMPLEMENTATIONS = YES;
				CLANG_WARN_EMPTY_BODY = YES;
				CLANG_WARN_ENUM_CONVERSION = YES;
				CLANG_WARN_INFINITE_RECURSION = YES;
				CLANG_WARN_INT_CONVERSION = YES;
				CLANG_WARN_NON_LITERAL_NULL_CONVERSION = YES;
				CLANG_WARN_OBJC_IMPLICIT_RETAIN_SELF = YES;
				CLANG_WARN_OBJC_LITERAL_CONVERSION = YES;
				CLANG_WARN_QUOTED_INCLUDE_IN_FRAMEWORK_HEADER = YES;
				CLANG_WARN_RANGE_LOOP_ANALYSIS = YES;
				CLANG_WARN_STRICT_PROTOTYPES = YES;
				CLANG_WARN_SUSPICIOUS_MOVE = YES;
				CLANG_WARN_UNREACHABLE_CODE = YES;
				CLANG_WARN__DUPLICATE_METHOD_MATCH = YES;
				COPY_PHASE_STRIP = NO;
				ENABLE_STRICT_OBJC_MSGSEND = YES;
				ENABLE_TESTABILITY = YES;
				GCC_NO_COMMON_BLOCKS = YES;
				GCC_WARN_64_TO_32_BIT_CONVERSION = YES;
				GCC_WARN_ABOUT_RETURN_TYPE = YES;
				GCC_WARN_UNDECLARED_SELECTOR = YES;
				GCC_WARN_UNINITIALIZED_AUTOS = YES;
				GCC_WARN_UNUSED_FUNCTION = YES;
				GCC_WARN_UNUSED_VARIABLE = YES;
				HEADER_SEARCH_PATHS = "$(SRCROOT)/**";
				INFOPLIST_FILE = Info.plist;
				INSTALL_PATH = /Library/Services;
				LIBRARY_SEARCH_PATHS = "";
				MACOSX_DEPLOYMENT_TARGET = 11.0;
				ONLY_ACTIVE_ARCH = YES;
				OTHER_CFLAGS = "-DDEBUG";
				OTHER_LDFLAGS = "";
				SDKROOT = macosx;
				STANDARD_C_PLUS_PLUS_LIBRARY_TYPE = dynamic;
				VALID_ARCHS = x86_64;
			};
			name = Debug;
		};
		DBBBE83B0AAD593300A45065 /* Release */ = {
			isa = XCBuildConfiguration;
			baseConfigurationReference = 362A4AAA11FF8381009F2792 /* version.xcconfig */;
			buildSettings = {
				ARCHS = "$(ARCHS_STANDARD)";
				CLANG_ANALYZER_LOCALIZABILITY_NONLOCALIZED = YES;
				CLANG_WARN_BLOCK_CAPTURE_AUTORELEASING = YES;
				CLANG_WARN_BOOL_CONVERSION = YES;
				CLANG_WARN_COMMA = YES;
				CLANG_WARN_CONSTANT_CONVERSION = YES;
				CLANG_WARN_DEPRECATED_OBJC_IMPLEMENTATIONS = YES;
				CLANG_WARN_EMPTY_BODY = YES;
				CLANG_WARN_ENUM_CONVERSION = YES;
				CLANG_WARN_INFINITE_RECURSION = YES;
				CLANG_WARN_INT_CONVERSION = YES;
				CLANG_WARN_NON_LITERAL_NULL_CONVERSION = YES;
				CLANG_WARN_OBJC_IMPLICIT_RETAIN_SELF = YES;
				CLANG_WARN_OBJC_LITERAL_CONVERSION = YES;
				CLANG_WARN_QUOTED_INCLUDE_IN_FRAMEWORK_HEADER = YES;
				CLANG_WARN_RANGE_LOOP_ANALYSIS = YES;
				CLANG_WARN_STRICT_PROTOTYPES = YES;
				CLANG_WARN_SUSPICIOUS_MOVE = YES;
				CLANG_WARN_UNREACHABLE_CODE = YES;
				CLANG_WARN__DUPLICATE_METHOD_MATCH = YES;
				COPY_PHASE_STRIP = YES;
				ENABLE_STRICT_OBJC_MSGSEND = YES;
				GCC_NO_COMMON_BLOCKS = YES;
				GCC_WARN_64_TO_32_BIT_CONVERSION = YES;
				GCC_WARN_ABOUT_RETURN_TYPE = YES;
				GCC_WARN_UNDECLARED_SELECTOR = YES;
				GCC_WARN_UNINITIALIZED_AUTOS = YES;
				GCC_WARN_UNUSED_FUNCTION = YES;
				GCC_WARN_UNUSED_VARIABLE = YES;
				HEADER_SEARCH_PATHS = "$(SRCROOT)/**";
				INFOPLIST_FILE = Info.plist;
				INSTALL_PATH = /Library/Services;
				LIBRARY_SEARCH_PATHS = "";
				MACOSX_DEPLOYMENT_TARGET = 11.0;
				ONLY_ACTIVE_ARCH = NO;
				OTHER_CFLAGS = "";
				SDKROOT = macosx;
				STANDARD_C_PLUS_PLUS_LIBRARY_TYPE = dynamic;
				VALID_ARCHS = x86_64;
			};
			name = Release;
		};
		DBBBE8590AAD600100A45065 /* Debug */ = {
			isa = XCBuildConfiguration;
			baseConfigurationReference = 362A4AAA11FF8381009F2792 /* version.xcconfig */;
			buildSettings = {
				ARCHS = "$(ARCHS_STANDARD)";
				CLANG_ENABLE_OBJC_WEAK = YES;
				CODE_SIGN_IDENTITY = "-";
				COPY_PHASE_STRIP = NO;
				GCC_DYNAMIC_NO_PIC = NO;
				GCC_GENERATE_DEBUGGING_SYMBOLS = YES;
				GCC_MODEL_TUNING = G5;
				GCC_OPTIMIZATION_LEVEL = s;
				GCC_PRECOMPILE_PREFIX_HEADER = YES;
				GCC_PREFIX_HEADER = "$(SYSTEM_LIBRARY_DIR)/Frameworks/AppKit.framework/Headers/AppKit.h";
				HEADER_SEARCH_PATHS = "$(SRCROOT)";
				INFOPLIST_FILE = Info.plist;
				INSTALL_PATH = /Library/Services;
				LIBRARY_SEARCH_PATHS = (
					"$(inherited)",
					"$(SRCROOT)/Resources/voikko",
					/Users/mtw/dev/voikko/osxspell/osxspell.git/Resources/voikko,
				);
				MACH_O_TYPE = mh_execute;
				MACOSX_DEPLOYMENT_TARGET = 11.0;
				OTHER_FLAGS = "-DDEBUG=1";
				OTHER_LDFLAGS = (
					"-framework",
					Foundation,
					"-framework",
					AppKit,
				);
				PRELINK_LIBS = "$(PRELINK_LIBS)";
				PRODUCT_BUNDLE_IDENTIFIER = org.puimula.VoikkoSpellService;
				PRODUCT_NAME = VoikkoSpellService;
				SDKROOT = macosx;
				VALID_ARCHS = x86_64;
				WRAPPER_EXTENSION = app;
				ZERO_LINK = NO;
			};
			name = Debug;
		};
		DBBBE85A0AAD600100A45065 /* Release */ = {
			isa = XCBuildConfiguration;
			baseConfigurationReference = 362A4AAA11FF8381009F2792 /* version.xcconfig */;
			buildSettings = {
				ARCHS = "$(ARCHS_STANDARD)";
				CLANG_ENABLE_OBJC_WEAK = YES;
				CODE_SIGN_IDENTITY = "-";
				COPY_PHASE_STRIP = YES;
				GCC_GENERATE_DEBUGGING_SYMBOLS = NO;
				GCC_MODEL_TUNING = G5;
				GCC_OPTIMIZATION_LEVEL = s;
				GCC_PRECOMPILE_PREFIX_HEADER = YES;
				GCC_PREFIX_HEADER = "$(SYSTEM_LIBRARY_DIR)/Frameworks/AppKit.framework/Headers/AppKit.h";
				HEADER_SEARCH_PATHS = "$(SRCROOT)";
				INFOPLIST_FILE = Info.plist;
				INSTALL_PATH = /Library/Services;
				LIBRARY_SEARCH_PATHS = (
					"$(inherited)",
					"$(SRCROOT)/Resources/voikko",
					/Users/mtw/dev/voikko/osxspell/osxspell.git/Resources/voikko,
				);
				MACH_O_TYPE = mh_execute;
				MACOSX_DEPLOYMENT_TARGET = 11.0;
				OTHER_FLAGS = "-DDEBUG=1";
				OTHER_LDFLAGS = (
					"-framework",
					Foundation,
					"-framework",
					AppKit,
				);
				PRELINK_LIBS = "$(PRELINK_LIBS)";
				PRODUCT_BUNDLE_IDENTIFIER = org.puimula.VoikkoSpellService;
				PRODUCT_NAME = VoikkoSpellService;
				SDKROOT = macosx;
				VALID_ARCHS = x86_64;
				WRAPPER_EXTENSION = app;
				ZERO_LINK = NO;
			};
			name = Release;
		};
/* End XCBuildConfiguration section */

/* Begin XCConfigurationList section */
		DBBBE8390AAD593300A45065 /* Build configuration list for PBXProject "VoikkoSpellService" */ = {
			isa = XCConfigurationList;
			buildConfigurations = (
				DBBBE83A0AAD593300A45065 /* Debug */,
				DBBBE83B0AAD593300A45065 /* Release */,
			);
			defaultConfigurationIsVisible = 0;
			defaultConfigurationName = Release;
		};
		DBBBE8580AAD600100A45065 /* Build configuration list for PBXNativeTarget "VoikkoSpellService" */ = {
			isa = XCConfigurationList;
			buildConfigurations = (
				DBBBE8590AAD600100A45065 /* Debug */,
				DBBBE85A0AAD600100A45065 /* Release */,
			);
			defaultConfigurationIsVisible = 0;
			defaultConfigurationName = Release;
		};
/* End XCConfigurationList section */
	};
	rootObject = DBBBE8380AAD593300A45065 /* Project object */;
}
