// !$*UTF8*$!
{
	archiveVersion = 1;
	classes = {
	};
	objectVersion = 46;
	objects = {

/* Begin PBXBuildFile section */
		3618B01C11F7577800301285 /* voikko in Resources */ = {isa = PBXBuildFile; fileRef = 3618B01111F7577800301285 /* voikko */; };
		362A4AAB11FF8381009F2792 /* version.xcconfig in Resources */ = {isa = PBXBuildFile; fileRef = 362A4AAA11FF8381009F2792 /* version.xcconfig */; };
		36AD2ED81294723800BF2D01 /* libvoikko.1.dylib in Frameworks */ = {isa = PBXBuildFile; fileRef = 36AD2ED71294723800BF2D01 /* libvoikko.1.dylib */; };
		DBBBE8770AAD629900A45065 /* VoikkoSpellService.m in Sources */ = {isa = PBXBuildFile; fileRef = DBBBE8450AAD59D400A45065 /* VoikkoSpellService.m */; };
/* End PBXBuildFile section */

/* Begin PBXFileReference section */
		3618B01111F7577800301285 /* voikko */ = {isa = PBXFileReference; lastKnownFileType = folder; name = voikko; path = Resources/voikko; sourceTree = "<group>"; };
		362A4AAA11FF8381009F2792 /* version.xcconfig */ = {isa = PBXFileReference; fileEncoding = 4; lastKnownFileType = text.xcconfig; path = version.xcconfig; sourceTree = "<group>"; };
		36AD2ED71294723800BF2D01 /* libvoikko.1.dylib */ = {isa = PBXFileReference; lastKnownFileType = "compiled.mach-o.dylib"; name = libvoikko.1.dylib; path = Resources/voikko/libvoikko.1.dylib; sourceTree = "<group>"; };
		DBBBE8440AAD59D400A45065 /* VoikkoSpellService.h */ = {isa = PBXFileReference; fileEncoding = 4; lastKnownFileType = sourcecode.c.h; path = VoikkoSpellService.h; sourceTree = "<group>"; };
		DBBBE8450AAD59D400A45065 /* VoikkoSpellService.m */ = {isa = PBXFileReference; fileEncoding = 4; lastKnownFileType = sourcecode.c.objc; path = VoikkoSpellService.m; sourceTree = "<group>"; };
		DBBBE8540AAD600100A45065 /* VoikkoSpellService.app */ = {isa = PBXFileReference; explicitFileType = wrapper.application; includeInIndex = 0; path = VoikkoSpellService.app; sourceTree = BUILT_PRODUCTS_DIR; };
/* End PBXFileReference section */

/* Begin PBXFrameworksBuildPhase section */
		36C38A2512946FDD003A48CD /* Frameworks */ = {
			isa = PBXFrameworksBuildPhase;
			buildActionMask = 2147483647;
			files = (
				36AD2ED81294723800BF2D01 /* libvoikko.1.dylib in Frameworks */,
			);
			runOnlyForDeploymentPostprocessing = 0;
		};
/* End PBXFrameworksBuildPhase section */

/* Begin PBXGroup section */
		DBBBE8360AAD593300A45065 = {
			isa = PBXGroup;
			children = (
				362A4AAA11FF8381009F2792 /* version.xcconfig */,
				3618B01111F7577800301285 /* voikko */,
				DBBBE8440AAD59D400A45065 /* VoikkoSpellService.h */,
				DBBBE8450AAD59D400A45065 /* VoikkoSpellService.m */,
				36AD2ED71294723800BF2D01 /* libvoikko.1.dylib */,
				DBBBE8550AAD600100A45065 /* Products */,
			);
			sourceTree = "<group>";
		};
		DBBBE8550AAD600100A45065 /* Products */ = {
			isa = PBXGroup;
			children = (
				DBBBE8540AAD600100A45065 /* VoikkoSpellService.app */,
			);
			name = Products;
			sourceTree = "<group>";
		};
/* End PBXGroup section */

/* Begin PBXNativeTarget section */
		DBBBE8530AAD600100A45065 /* VoikkoSpellService */ = {
			isa = PBXNativeTarget;
			buildConfigurationList = DBBBE8580AAD600100A45065 /* Build configuration list for PBXNativeTarget "VoikkoSpellService" */;
			buildPhases = (
				DBBBE8500AAD600100A45065 /* Resources */,
				DBBBE8510AAD600100A45065 /* Sources */,
				36C38A2512946FDD003A48CD /* Frameworks */,
			);
			buildRules = (
			);
			dependencies = (
			);
			name = VoikkoSpellService;
			productName = VoikkoSpellService;
			productReference = DBBBE8540AAD600100A45065 /* VoikkoSpellService.app */;
			productType = "com.apple.product-type.application";
		};
/* End PBXNativeTarget section */

/* Begin PBXProject section */
		DBBBE8380AAD593300A45065 /* Project object */ = {
			isa = PBXProject;
			buildConfigurationList = DBBBE8390AAD593300A45065 /* Build configuration list for PBXProject "VoikkoSpellService" */;
			compatibilityVersion = "Xcode 3.2";
			hasScannedForEncodings = 0;
			mainGroup = DBBBE8360AAD593300A45065;
			productRefGroup = DBBBE8550AAD600100A45065 /* Products */;
			projectDirPath = "";
			projectRoot = "";
			targets = (
				DBBBE8530AAD600100A45065 /* VoikkoSpellService */,
			);
		};
/* End PBXProject section */

/* Begin PBXResourcesBuildPhase section */
		DBBBE8500AAD600100A45065 /* Resources */ = {
			isa = PBXResourcesBuildPhase;
			buildActionMask = 2147483647;
			files = (
				3618B01C11F7577800301285 /* voikko in Resources */,
				362A4AAB11FF8381009F2792 /* version.xcconfig in Resources */,
			);
			runOnlyForDeploymentPostprocessing = 0;
		};
/* End PBXResourcesBuildPhase section */

/* Begin PBXSourcesBuildPhase section */
		DBBBE8510AAD600100A45065 /* Sources */ = {
			isa = PBXSourcesBuildPhase;
			buildActionMask = 2147483647;
			files = (
				DBBBE8770AAD629900A45065 /* VoikkoSpellService.m in Sources */,
			);
			runOnlyForDeploymentPostprocessing = 0;
		};
/* End PBXSourcesBuildPhase section */

/* Begin XCBuildConfiguration section */
		DBBBE83A0AAD593300A45065 /* Debug */ = {
			isa = XCBuildConfiguration;
			baseConfigurationReference = 362A4AAA11FF8381009F2792 /* version.xcconfig */;
			buildSettings = {
				ARCHS = "$(ARCHS_STANDARD_32_BIT)";
				COPY_PHASE_STRIP = NO;
				HEADER_SEARCH_PATHS = "\"$(SRCROOT)\"";
				INFOPLIST_FILE = Info.plist;
				INSTALL_PATH = "";
				LIBRARY_SEARCH_PATHS = "\"$(SRCROOT)/Resources/voikko\"";
				MACOSX_DEPLOYMENT_TARGET = 10.5;
				ONLY_ACTIVE_ARCH = YES;
				OTHER_CFLAGS = "-DDEBUG";
				OTHER_LDFLAGS = "";
				SDKROOT = macosx10.5;
				STANDARD_C_PLUS_PLUS_LIBRARY_TYPE = dynamic;
				VALID_ARCHS = i386;
			};
			name = Debug;
		};
		DBBBE83B0AAD593300A45065 /* Release */ = {
			isa = XCBuildConfiguration;
			baseConfigurationReference = 362A4AAA11FF8381009F2792 /* version.xcconfig */;
			buildSettings = {
				ARCHS = "$(ARCHS_STANDARD_32_BIT)";
				COPY_PHASE_STRIP = YES;
				HEADER_SEARCH_PATHS = "\"$(SRCROOT)\"";
				INFOPLIST_FILE = Info.plist;
				LIBRARY_SEARCH_PATHS = "\"$(SRCROOT)/Resources/voikko\"";
				MACOSX_DEPLOYMENT_TARGET = 10.5;
				ONLY_ACTIVE_ARCH = YES;
				OTHER_CFLAGS = "";
				SDKROOT = macosx10.5;
				STANDARD_C_PLUS_PLUS_LIBRARY_TYPE = dynamic;
				VALID_ARCHS = i386;
			};
			name = Release;
		};
		DBBBE8590AAD600100A45065 /* Debug */ = {
			isa = XCBuildConfiguration;
			buildSettings = {
				ARCHS = "$(ARCHS_STANDARD_32_BIT)";
				COPY_PHASE_STRIP = NO;
				GCC_DYNAMIC_NO_PIC = NO;
				GCC_ENABLE_FIX_AND_CONTINUE = YES;
				GCC_GENERATE_DEBUGGING_SYMBOLS = YES;
				GCC_MODEL_TUNING = G5;
				GCC_OPTIMIZATION_LEVEL = s;
				GCC_PRECOMPILE_PREFIX_HEADER = YES;
				GCC_PREFIX_HEADER = "$(SYSTEM_LIBRARY_DIR)/Frameworks/AppKit.framework/Headers/AppKit.h";
				HEADER_SEARCH_PATHS = "\"$(SRCROOT)\"";
				INFOPLIST_FILE = Info.plist;
				INSTALL_PATH = "$(HOME)/Library/Services";
				LIBRARY_SEARCH_PATHS = "\"$(SRCROOT)/Resources/voikko\"";
				MACOSX_DEPLOYMENT_TARGET = 10.5;
				OTHER_LDFLAGS = (
					"-framework",
					Foundation,
					"-framework",
					AppKit,
				);
				PREBINDING = NO;
				PRELINK_LIBS = "$(PRELINK_LIBS)";
				PRODUCT_NAME = VoikkoSpellService;
				SDKROOT = macosx10.5;
				VALID_ARCHS = i386;
				WRAPPER_EXTENSION = app;
				ZERO_LINK = NO;
			};
			name = Debug;
		};
		DBBBE85A0AAD600100A45065 /* Release */ = {
			isa = XCBuildConfiguration;
			buildSettings = {
				ARCHS = "$(ARCHS_STANDARD_32_BIT)";
				COPY_PHASE_STRIP = YES;
				GCC_ENABLE_FIX_AND_CONTINUE = NO;
				GCC_GENERATE_DEBUGGING_SYMBOLS = NO;
				GCC_MODEL_TUNING = G5;
				GCC_OPTIMIZATION_LEVEL = s;
				GCC_PRECOMPILE_PREFIX_HEADER = YES;
				GCC_PREFIX_HEADER = "$(SYSTEM_LIBRARY_DIR)/Frameworks/AppKit.framework/Headers/AppKit.h";
				HEADER_SEARCH_PATHS = "\"$(SRCROOT)\"";
				INFOPLIST_FILE = Info.plist;
				INSTALL_PATH = "$(HOME)/Library/Services";
				LIBRARY_SEARCH_PATHS = "\"$(SRCROOT)/Resources/voikko\"";
				MACOSX_DEPLOYMENT_TARGET = 10.5;
				OTHER_LDFLAGS = (
					"-framework",
					Foundation,
					"-framework",
					AppKit,
				);
				PREBINDING = NO;
				PRELINK_LIBS = "$(PRELINK_LIBS)";
				PRODUCT_NAME = VoikkoSpellService;
				SDKROOT = macosx10.5;
				VALID_ARCHS = i386;
				WRAPPER_EXTENSION = app;
				ZERO_LINK = NO;
			};
			name = Release;
		};
/* End XCBuildConfiguration section */

/* Begin XCConfigurationList section */
		DBBBE8390AAD593300A45065 /* Build configuration list for PBXProject "VoikkoSpellService" */ = {
			isa = XCConfigurationList;
			buildConfigurations = (
				DBBBE83A0AAD593300A45065 /* Debug */,
				DBBBE83B0AAD593300A45065 /* Release */,
			);
			defaultConfigurationIsVisible = 0;
			defaultConfigurationName = Release;
		};
		DBBBE8580AAD600100A45065 /* Build configuration list for PBXNativeTarget "VoikkoSpellService" */ = {
			isa = XCConfigurationList;
			buildConfigurations = (
				DBBBE8590AAD600100A45065 /* Debug */,
				DBBBE85A0AAD600100A45065 /* Release */,
			);
			defaultConfigurationIsVisible = 0;
			defaultConfigurationName = Release;
		};
/* End XCConfigurationList section */
	};
	rootObject = DBBBE8380AAD593300A45065 /* Project object */;
}
